
Microsoft Visual Studio Solution File, Format Version 12.00
# Visual Studio Version 17
VisualStudioVersion = 17.3.32922.545
MinimumVisualStudioVersion = 10.0.40219.1
Project("{FAE04EC0-301F-11D3-BF4B-00C04F79EFBC}") = "ControleDeContatos", "ControleDeContatos\ControleDeContatos.csproj", "{5D6999D1-D76A-4A3E-A77F-0FEA42CB8A4A}"
EndProject
Global
	GlobalSection(SolutionConfigurationPlatforms) = preSolution
		Debug|Any CPU = Debug|Any CPU
		Release|Any CPU = Release|Any CPU
	EndGlobalSection
	GlobalSection(ProjectConfigurationPlatforms) = postSolution
		{5D6999D1-D76A-4A3E-A77F-0FEA42CB8A4A}.Debug|Any CPU.ActiveCfg = Debug|Any CPU
		{5D6999D1-D76A-4A3E-A77F-0FEA42CB8A4A}.Debug|Any CPU.Build.0 = Debug|Any CPU
		{5D6999D1-D76A-4A3E-A77F-0FEA42CB8A4A}.Release|Any CPU.ActiveCfg = Release|Any CPU
		{5D6999D1-D76A-4A3E-A77F-0FEA42CB8A4A}.Release|Any CPU.Build.0 = Release|Any CPU
	EndGlobalSection
	GlobalSection(SolutionProperties) = preSolution
		HideSolutionNode = FALSE
	EndGlobalSection
	GlobalSection(ExtensibilityGlobals) = postSolution
		SolutionGuid = {95DE4DAD-1E57-4729-BF53-934CDCDA0A6F}
	EndGlobalSection
EndGlobal
